# This file was generated by Aiken
# You typically do not need to edit this file

[[requirements]]
name = "aiken-lang/stdlib"
version = "2.1.0"
source = "github"

[[requirements]]
name = "aiken-lang/fuzz"
version = "2a6df1220e0d180eb36cfe4e4265a2d47c5b83cb"
source = "github"

[[packages]]
name = "aiken-lang/stdlib"
version = "2.1.0"
requirements = []
source = "github"

[[packages]]
name = "aiken-lang/fuzz"
version = "2a6df1220e0d180eb36cfe4e4265a2d47c5b83cb"
requirements = []
source = "github"

[etags]
